
Microsoft Visual Studio Solution File, Format Version 12.00
# Visual Studio Version 17
VisualStudioVersion = 17.14.36127.28
MinimumVisualStudioVersion = 10.0.40219.1
Project("{FAE04EC0-301F-11D3-BF4B-00C04F79EFBC}") = "SiteKit.CLI", "SiteKit\SiteKit.CLI.csproj", "{A7824C1D-4BE6-42F4-AE66-6287E003FC1A}"
EndProject
Global
	GlobalSection(SolutionConfigurationPlatforms) = preSolution
		Debug|Any CPU = Debug|Any CPU
		Release|Any CPU = Release|Any CPU
	EndGlobalSection
	GlobalSection(ProjectConfigurationPlatforms) = postSolution
		{A7824C1D-4BE6-42F4-AE66-6287E003FC1A}.Debug|Any CPU.ActiveCfg = Debug|Any CPU
		{A7824C1D-4BE6-42F4-AE66-6287E003FC1A}.Debug|Any CPU.Build.0 = Debug|Any CPU
		{A7824C1D-4BE6-42F4-AE66-6287E003FC1A}.Release|Any CPU.ActiveCfg = Release|Any CPU
		{A7824C1D-4BE6-42F4-AE66-6287E003FC1A}.Release|Any CPU.Build.0 = Release|Any CPU
	EndGlobalSection
	GlobalSection(SolutionProperties) = preSolution
		HideSolutionNode = FALSE
	EndGlobalSection
	GlobalSection(ExtensibilityGlobals) = postSolution
		SolutionGuid = {26E52AAC-06DB-4A66-8A2B-094236834AC6}
	EndGlobalSection
EndGlobal
